
Microsoft Visual Studio Solution File, Format Version 12.00
Project("{2150E333-8FDC-42A3-9474-1A3956D46DE8}") = "Services", "Services", "{0493547C-F8F3-4CD6-9E82-8825FE67DA0A}"
EndProject
Project("{2150E333-8FDC-42A3-9474-1A3956D46DE8}") = "Person", "Person", "{70EBBFD0-A604-44ED-A188-3DF9BE9BF32B}"
EndProject
Project("{FAE04EC0-301F-11D3-BF4B-00C04F79EFBC}") = "Person.Domain", "Services\Person\Person.Domain\Person.Domain.csproj", "{C3230438-AC53-4952-8846-5C0A9CA26EF9}"
EndProject
Project("{FAE04EC0-301F-11D3-BF4B-00C04F79EFBC}") = "Person.Application", "Services\Person\Person.Application\Person.Application.csproj", "{4B0216EB-64C0-4F99-9EAA-79BC25A44061}"
EndProject
Project("{2150E333-8FDC-42A3-9474-1A3956D46DE8}") = "BuildingBlocks", "BuildingBlocks", "{E0FB88E5-F290-401A-A3E6-4A7B43F3AA34}"
EndProject
Project("{FAE04EC0-301F-11D3-BF4B-00C04F79EFBC}") = "BuildingBlocks.Domain", "BuildingBlocks\BuildingBlocks.Domain\BuildingBlocks.Domain.csproj", "{7BA63412-8978-4F7E-AB73-BE3C4C7DE2F0}"
EndProject
Project("{FAE04EC0-301F-11D3-BF4B-00C04F79EFBC}") = "BuildingBlocks.Application", "BuildingBlocks\BuildingBlocks.Application\BuildingBlocks.Application.csproj", "{AF0628B3-683F-4707-8935-FBC8169AD83A}"
EndProject
Project("{FAE04EC0-301F-11D3-BF4B-00C04F79EFBC}") = "Person.Infrastructure", "Services\Person\Person.Infrastructure\Person.Infrastructure.csproj", "{23166E53-2963-4564-B7F1-E093DD8D3F3C}"
EndProject
Project("{FAE04EC0-301F-11D3-BF4B-00C04F79EFBC}") = "BuildingBlocks.Infrastructure", "BuildingBlocks\BuildingBlocks.Infrastructure\BuildingBlocks.Infrastructure.csproj", "{6110DCFA-B029-45D1-AAF8-40A8FDFDDA8D}"
EndProject
Project("{FAE04EC0-301F-11D3-BF4B-00C04F79EFBC}") = "Person.API", "Services\Person\Person.API\Person.API.csproj", "{9BF89509-6800-40B3-87D6-588A3DB93C8E}"
EndProject
Project("{FAE04EC0-301F-11D3-BF4B-00C04F79EFBC}") = "BuildingBlocks.API", "BuildingBlocks\BuildingBlocks.API\BuildingBlocks.API.csproj", "{305D075B-AFA5-45FA-AA07-181DE1447C3A}"
EndProject
Global
	GlobalSection(SolutionConfigurationPlatforms) = preSolution
		Debug|Any CPU = Debug|Any CPU
		Release|Any CPU = Release|Any CPU
	EndGlobalSection
	GlobalSection(NestedProjects) = preSolution
		{70EBBFD0-A604-44ED-A188-3DF9BE9BF32B} = {0493547C-F8F3-4CD6-9E82-8825FE67DA0A}
		{C3230438-AC53-4952-8846-5C0A9CA26EF9} = {70EBBFD0-A604-44ED-A188-3DF9BE9BF32B}
		{4B0216EB-64C0-4F99-9EAA-79BC25A44061} = {70EBBFD0-A604-44ED-A188-3DF9BE9BF32B}
		{7BA63412-8978-4F7E-AB73-BE3C4C7DE2F0} = {E0FB88E5-F290-401A-A3E6-4A7B43F3AA34}
		{AF0628B3-683F-4707-8935-FBC8169AD83A} = {E0FB88E5-F290-401A-A3E6-4A7B43F3AA34}
		{23166E53-2963-4564-B7F1-E093DD8D3F3C} = {70EBBFD0-A604-44ED-A188-3DF9BE9BF32B}
		{6110DCFA-B029-45D1-AAF8-40A8FDFDDA8D} = {E0FB88E5-F290-401A-A3E6-4A7B43F3AA34}
		{9BF89509-6800-40B3-87D6-588A3DB93C8E} = {70EBBFD0-A604-44ED-A188-3DF9BE9BF32B}
		{305D075B-AFA5-45FA-AA07-181DE1447C3A} = {E0FB88E5-F290-401A-A3E6-4A7B43F3AA34}
	EndGlobalSection
	GlobalSection(ProjectConfigurationPlatforms) = postSolution
		{C3230438-AC53-4952-8846-5C0A9CA26EF9}.Debug|Any CPU.ActiveCfg = Debug|Any CPU
		{C3230438-AC53-4952-8846-5C0A9CA26EF9}.Debug|Any CPU.Build.0 = Debug|Any CPU
		{C3230438-AC53-4952-8846-5C0A9CA26EF9}.Release|Any CPU.ActiveCfg = Release|Any CPU
		{C3230438-AC53-4952-8846-5C0A9CA26EF9}.Release|Any CPU.Build.0 = Release|Any CPU
		{4B0216EB-64C0-4F99-9EAA-79BC25A44061}.Debug|Any CPU.ActiveCfg = Debug|Any CPU
		{4B0216EB-64C0-4F99-9EAA-79BC25A44061}.Debug|Any CPU.Build.0 = Debug|Any CPU
		{4B0216EB-64C0-4F99-9EAA-79BC25A44061}.Release|Any CPU.ActiveCfg = Release|Any CPU
		{4B0216EB-64C0-4F99-9EAA-79BC25A44061}.Release|Any CPU.Build.0 = Release|Any CPU
		{7BA63412-8978-4F7E-AB73-BE3C4C7DE2F0}.Debug|Any CPU.ActiveCfg = Debug|Any CPU
		{7BA63412-8978-4F7E-AB73-BE3C4C7DE2F0}.Debug|Any CPU.Build.0 = Debug|Any CPU
		{7BA63412-8978-4F7E-AB73-BE3C4C7DE2F0}.Release|Any CPU.ActiveCfg = Release|Any CPU
		{7BA63412-8978-4F7E-AB73-BE3C4C7DE2F0}.Release|Any CPU.Build.0 = Release|Any CPU
		{AF0628B3-683F-4707-8935-FBC8169AD83A}.Debug|Any CPU.ActiveCfg = Debug|Any CPU
		{AF0628B3-683F-4707-8935-FBC8169AD83A}.Debug|Any CPU.Build.0 = Debug|Any CPU
		{AF0628B3-683F-4707-8935-FBC8169AD83A}.Release|Any CPU.ActiveCfg = Release|Any CPU
		{AF0628B3-683F-4707-8935-FBC8169AD83A}.Release|Any CPU.Build.0 = Release|Any CPU
		{23166E53-2963-4564-B7F1-E093DD8D3F3C}.Debug|Any CPU.ActiveCfg = Debug|Any CPU
		{23166E53-2963-4564-B7F1-E093DD8D3F3C}.Debug|Any CPU.Build.0 = Debug|Any CPU
		{23166E53-2963-4564-B7F1-E093DD8D3F3C}.Release|Any CPU.ActiveCfg = Release|Any CPU
		{23166E53-2963-4564-B7F1-E093DD8D3F3C}.Release|Any CPU.Build.0 = Release|Any CPU
		{6110DCFA-B029-45D1-AAF8-40A8FDFDDA8D}.Debug|Any CPU.ActiveCfg = Debug|Any CPU
		{6110DCFA-B029-45D1-AAF8-40A8FDFDDA8D}.Debug|Any CPU.Build.0 = Debug|Any CPU
		{6110DCFA-B029-45D1-AAF8-40A8FDFDDA8D}.Release|Any CPU.ActiveCfg = Release|Any CPU
		{6110DCFA-B029-45D1-AAF8-40A8FDFDDA8D}.Release|Any CPU.Build.0 = Release|Any CPU
		{9BF89509-6800-40B3-87D6-588A3DB93C8E}.Debug|Any CPU.ActiveCfg = Debug|Any CPU
		{9BF89509-6800-40B3-87D6-588A3DB93C8E}.Debug|Any CPU.Build.0 = Debug|Any CPU
		{9BF89509-6800-40B3-87D6-588A3DB93C8E}.Release|Any CPU.ActiveCfg = Release|Any CPU
		{9BF89509-6800-40B3-87D6-588A3DB93C8E}.Release|Any CPU.Build.0 = Release|Any CPU
		{305D075B-AFA5-45FA-AA07-181DE1447C3A}.Debug|Any CPU.ActiveCfg = Debug|Any CPU
		{305D075B-AFA5-45FA-AA07-181DE1447C3A}.Debug|Any CPU.Build.0 = Debug|Any CPU
		{305D075B-AFA5-45FA-AA07-181DE1447C3A}.Release|Any CPU.ActiveCfg = Release|Any CPU
		{305D075B-AFA5-45FA-AA07-181DE1447C3A}.Release|Any CPU.Build.0 = Release|Any CPU
	EndGlobalSection
EndGlobal
